// !$*UTF8*$!
{
	archiveVersion = 1;
	classes = {
	};
	objectVersion = 55;
	objects = {

/* Begin PBXBuildFile section */
		8C2D68BF28086B3B00DA1CA6 /* StartLottieVC.swift in Sources */ = {isa = PBXBuildFile; fileRef = 8C2D68BE28086B3B00DA1CA6 /* StartLottieVC.swift */; };
		8C2D68C128086C9600DA1CA6 /* 1120-get-started-slider.json in Resources */ = {isa = PBXBuildFile; fileRef = 8C2D68C028086C9600DA1CA6 /* 1120-get-started-slider.json */; };
		A801EA85280712E400B4FECD /* AppDelegate.swift in Sources */ = {isa = PBXBuildFile; fileRef = A801EA84280712E400B4FECD /* AppDelegate.swift */; };
		A801EA87280712E400B4FECD /* SceneDelegate.swift in Sources */ = {isa = PBXBuildFile; fileRef = A801EA86280712E400B4FECD /* SceneDelegate.swift */; };
		A801EA89280712E400B4FECD /* ViewController.swift in Sources */ = {isa = PBXBuildFile; fileRef = A801EA88280712E400B4FECD /* ViewController.swift */; };
		A801EA8C280712E400B4FECD /* Main.storyboard in Resources */ = {isa = PBXBuildFile; fileRef = A801EA8A280712E400B4FECD /* Main.storyboard */; };
		A801EA8E280712E500B4FECD /* Assets.xcassets in Resources */ = {isa = PBXBuildFile; fileRef = A801EA8D280712E500B4FECD /* Assets.xcassets */; };
		A801EA91280712E500B4FECD /* LaunchScreen.storyboard in Resources */ = {isa = PBXBuildFile; fileRef = A801EA8F280712E500B4FECD /* LaunchScreen.storyboard */; };
		A8055946280D32E700007A03 /* testVC.swift in Sources */ = {isa = PBXBuildFile; fileRef = A8055945280D32E700007A03 /* testVC.swift */; };
		A807A9442809514100F3796F /* SurveyOneVC.swift in Sources */ = {isa = PBXBuildFile; fileRef = A807A9432809514100F3796F /* SurveyOneVC.swift */; };
		A807A9462809519600F3796F /* SurveyTwoVC.swift in Sources */ = {isa = PBXBuildFile; fileRef = A807A9452809519600F3796F /* SurveyTwoVC.swift */; };
		A807A948280951B900F3796F /* SurveyThreeVC.swift in Sources */ = {isa = PBXBuildFile; fileRef = A807A947280951B900F3796F /* SurveyThreeVC.swift */; };
		A807A94A2809591400F3796F /* SurveyResultVC.swift in Sources */ = {isa = PBXBuildFile; fileRef = A807A9492809591400F3796F /* SurveyResultVC.swift */; };
		A80883B228084F2900890999 /* GoogleService-Info.plist in Resources */ = {isa = PBXBuildFile; fileRef = A80883B128084F2900890999 /* GoogleService-Info.plist */; };
		A80883B52808504D00890999 /* FirebaseAnalytics in Frameworks */ = {isa = PBXBuildFile; productRef = A80883B42808504D00890999 /* FirebaseAnalytics */; };
		A80883B72808504D00890999 /* FirebaseDatabase in Frameworks */ = {isa = PBXBuildFile; productRef = A80883B62808504D00890999 /* FirebaseDatabase */; };
		A80883B92808504D00890999 /* FirebaseFirestore in Frameworks */ = {isa = PBXBuildFile; productRef = A80883B82808504D00890999 /* FirebaseFirestore */; };
		A80883BC280851CD00890999 /* SnapKit in Frameworks */ = {isa = PBXBuildFile; productRef = A80883BB280851CD00890999 /* SnapKit */; };
		A80883BF2808522600890999 /* Lottie in Frameworks */ = {isa = PBXBuildFile; productRef = A80883BE2808522600890999 /* Lottie */; };
		A8D2DD2C2807178000F1D4EC /* Survey.storyboard in Resources */ = {isa = PBXBuildFile; fileRef = A8D2DD2B2807178000F1D4EC /* Survey.storyboard */; };
		A8D2DD2E2807188F00F1D4EC /* SurveyVC.swift in Sources */ = {isa = PBXBuildFile; fileRef = A8D2DD2D2807188F00F1D4EC /* SurveyVC.swift */; };
/* End PBXBuildFile section */

/* Begin PBXFileReference section */
		8C2D68BE28086B3B00DA1CA6 /* StartLottieVC.swift */ = {isa = PBXFileReference; lastKnownFileType = sourcecode.swift; path = StartLottieVC.swift; sourceTree = "<group>"; };
		8C2D68C028086C9600DA1CA6 /* 1120-get-started-slider.json */ = {isa = PBXFileReference; fileEncoding = 4; lastKnownFileType = text.json; path = "1120-get-started-slider.json"; sourceTree = "<group>"; };
		A801EA81280712E400B4FECD /* atte22.app */ = {isa = PBXFileReference; explicitFileType = wrapper.application; includeInIndex = 0; path = atte22.app; sourceTree = BUILT_PRODUCTS_DIR; };
		A801EA84280712E400B4FECD /* AppDelegate.swift */ = {isa = PBXFileReference; lastKnownFileType = sourcecode.swift; path = AppDelegate.swift; sourceTree = "<group>"; };
		A801EA86280712E400B4FECD /* SceneDelegate.swift */ = {isa = PBXFileReference; lastKnownFileType = sourcecode.swift; path = SceneDelegate.swift; sourceTree = "<group>"; };
		A801EA88280712E400B4FECD /* ViewController.swift */ = {isa = PBXFileReference; lastKnownFileType = sourcecode.swift; path = ViewController.swift; sourceTree = "<group>"; };
		A801EA8B280712E400B4FECD /* Base */ = {isa = PBXFileReference; lastKnownFileType = file.storyboard; name = Base; path = Base.lproj/Main.storyboard; sourceTree = "<group>"; };
		A801EA8D280712E500B4FECD /* Assets.xcassets */ = {isa = PBXFileReference; lastKnownFileType = folder.assetcatalog; path = Assets.xcassets; sourceTree = "<group>"; };
		A801EA90280712E500B4FECD /* Base */ = {isa = PBXFileReference; lastKnownFileType = file.storyboard; name = Base; path = Base.lproj/LaunchScreen.storyboard; sourceTree = "<group>"; };
		A801EA92280712E500B4FECD /* Info.plist */ = {isa = PBXFileReference; lastKnownFileType = text.plist.xml; path = Info.plist; sourceTree = "<group>"; };
		A8055945280D32E700007A03 /* testVC.swift */ = {isa = PBXFileReference; lastKnownFileType = sourcecode.swift; path = testVC.swift; sourceTree = "<group>"; };
		A807A9432809514100F3796F /* SurveyOneVC.swift */ = {isa = PBXFileReference; lastKnownFileType = sourcecode.swift; path = SurveyOneVC.swift; sourceTree = "<group>"; };
		A807A9452809519600F3796F /* SurveyTwoVC.swift */ = {isa = PBXFileReference; lastKnownFileType = sourcecode.swift; path = SurveyTwoVC.swift; sourceTree = "<group>"; };
		A807A947280951B900F3796F /* SurveyThreeVC.swift */ = {isa = PBXFileReference; lastKnownFileType = sourcecode.swift; path = SurveyThreeVC.swift; sourceTree = "<group>"; };
		A807A9492809591400F3796F /* SurveyResultVC.swift */ = {isa = PBXFileReference; lastKnownFileType = sourcecode.swift; path = SurveyResultVC.swift; sourceTree = "<group>"; };
		A80883B128084F2900890999 /* GoogleService-Info.plist */ = {isa = PBXFileReference; fileEncoding = 4; lastKnownFileType = text.plist.xml; path = "GoogleService-Info.plist"; sourceTree = "<group>"; };
		A8D2DD2B2807178000F1D4EC /* Survey.storyboard */ = {isa = PBXFileReference; lastKnownFileType = file.storyboard; path = Survey.storyboard; sourceTree = "<group>"; };
		A8D2DD2D2807188F00F1D4EC /* SurveyVC.swift */ = {isa = PBXFileReference; lastKnownFileType = sourcecode.swift; path = SurveyVC.swift; sourceTree = "<group>"; };
/* End PBXFileReference section */

/* Begin PBXFrameworksBuildPhase section */
		A801EA7E280712E400B4FECD /* Frameworks */ = {
			isa = PBXFrameworksBuildPhase;
			buildActionMask = 2147483647;
			files = (
				A80883BF2808522600890999 /* Lottie in Frameworks */,
				A80883B72808504D00890999 /* FirebaseDatabase in Frameworks */,
				A80883BC280851CD00890999 /* SnapKit in Frameworks */,
				A80883B52808504D00890999 /* FirebaseAnalytics in Frameworks */,
				A80883B92808504D00890999 /* FirebaseFirestore in Frameworks */,
			);
			runOnlyForDeploymentPostprocessing = 0;
		};
/* End PBXFrameworksBuildPhase section */

/* Begin PBXGroup section */
		8C5750AE28071C570011D820 /* Survey */ = {
			isa = PBXGroup;
			children = (
				8C2D68C028086C9600DA1CA6 /* 1120-get-started-slider.json */,
			);
			path = Survey;
			sourceTree = "<group>";
		};
		8C5750AF28071C790011D820 /* Home */ = {
			isa = PBXGroup;
			children = (
			);
			path = Home;
			sourceTree = "<group>";
		};
		A801EA78280712E400B4FECD = {
			isa = PBXGroup;
			children = (
				A801EA83280712E400B4FECD /* atte22 */,
				A801EA82280712E400B4FECD /* Products */,
			);
			sourceTree = "<group>";
		};
		A801EA82280712E400B4FECD /* Products */ = {
			isa = PBXGroup;
			children = (
				A801EA81280712E400B4FECD /* atte22.app */,
			);
			name = Products;
			sourceTree = "<group>";
		};
		A801EA83280712E400B4FECD /* atte22 */ = {
			isa = PBXGroup;
			children = (
				8C5750AF28071C790011D820 /* Home */,
				8C5750AE28071C570011D820 /* Survey */,
				A801EA84280712E400B4FECD /* AppDelegate.swift */,
				A801EA86280712E400B4FECD /* SceneDelegate.swift */,
				A801EA88280712E400B4FECD /* ViewController.swift */,
				A801EA8A280712E400B4FECD /* Main.storyboard */,
				8C2D68BE28086B3B00DA1CA6 /* StartLottieVC.swift */,
				A8D2DD2B2807178000F1D4EC /* Survey.storyboard */,
				A8055945280D32E700007A03 /* testVC.swift */,
				A8D2DD2D2807188F00F1D4EC /* SurveyVC.swift */,
				A807A9432809514100F3796F /* SurveyOneVC.swift */,
				A807A9452809519600F3796F /* SurveyTwoVC.swift */,
				A807A947280951B900F3796F /* SurveyThreeVC.swift */,
				A807A9492809591400F3796F /* SurveyResultVC.swift */,
				A801EA8D280712E500B4FECD /* Assets.xcassets */,
				A801EA8F280712E500B4FECD /* LaunchScreen.storyboard */,
				A801EA92280712E500B4FECD /* Info.plist */,
				A80883B128084F2900890999 /* GoogleService-Info.plist */,
			);
			path = atte22;
			sourceTree = "<group>";
		};
/* End PBXGroup section */

/* Begin PBXNativeTarget section */
		A801EA80280712E400B4FECD /* atte22 */ = {
			isa = PBXNativeTarget;
			buildConfigurationList = A801EA95280712E500B4FECD /* Build configuration list for PBXNativeTarget "atte22" */;
			buildPhases = (
				A801EA7D280712E400B4FECD /* Sources */,
				A801EA7E280712E400B4FECD /* Frameworks */,
				A801EA7F280712E400B4FECD /* Resources */,
			);
			buildRules = (
			);
			dependencies = (
			);
			name = atte22;
			packageProductDependencies = (
				A80883B42808504D00890999 /* FirebaseAnalytics */,
				A80883B62808504D00890999 /* FirebaseDatabase */,
				A80883B82808504D00890999 /* FirebaseFirestore */,
				A80883BB280851CD00890999 /* SnapKit */,
				A80883BE2808522600890999 /* Lottie */,
			);
			productName = atte22;
			productReference = A801EA81280712E400B4FECD /* atte22.app */;
			productType = "com.apple.product-type.application";
		};
/* End PBXNativeTarget section */

/* Begin PBXProject section */
		A801EA79280712E400B4FECD /* Project object */ = {
			isa = PBXProject;
			attributes = {
				BuildIndependentTargetsInParallel = 1;
				LastSwiftUpdateCheck = 1320;
				LastUpgradeCheck = 1320;
				TargetAttributes = {
					A801EA80280712E400B4FECD = {
						CreatedOnToolsVersion = 13.2.1;
					};
				};
			};
			buildConfigurationList = A801EA7C280712E400B4FECD /* Build configuration list for PBXProject "atte22" */;
			compatibilityVersion = "Xcode 13.0";
			developmentRegion = en;
			hasScannedForEncodings = 0;
			knownRegions = (
				en,
				Base,
			);
			mainGroup = A801EA78280712E400B4FECD;
			packageReferences = (
				A80883B32808504D00890999 /* XCRemoteSwiftPackageReference "firebase-ios-sdk" */,
				A80883BA280851CD00890999 /* XCRemoteSwiftPackageReference "SnapKit" */,
				A80883BD2808522600890999 /* XCRemoteSwiftPackageReference "lottie-ios" */,
			);
			productRefGroup = A801EA82280712E400B4FECD /* Products */;
			projectDirPath = "";
			projectRoot = "";
			targets = (
				A801EA80280712E400B4FECD /* atte22 */,
			);
		};
/* End PBXProject section */

/* Begin PBXResourcesBuildPhase section */
		A801EA7F280712E400B4FECD /* Resources */ = {
			isa = PBXResourcesBuildPhase;
			buildActionMask = 2147483647;
			files = (
				A801EA91280712E500B4FECD /* LaunchScreen.storyboard in Resources */,
				A801EA8E280712E500B4FECD /* Assets.xcassets in Resources */,
				A80883B228084F2900890999 /* GoogleService-Info.plist in Resources */,
				A8D2DD2C2807178000F1D4EC /* Survey.storyboard in Resources */,
				A801EA8C280712E400B4FECD /* Main.storyboard in Resources */,
				8C2D68C128086C9600DA1CA6 /* 1120-get-started-slider.json in Resources */,
			);
			runOnlyForDeploymentPostprocessing = 0;
		};
/* End PBXResourcesBuildPhase section */

/* Begin PBXSourcesBuildPhase section */
		A801EA7D280712E400B4FECD /* Sources */ = {
			isa = PBXSourcesBuildPhase;
			buildActionMask = 2147483647;
			files = (
				A801EA89280712E400B4FECD /* ViewController.swift in Sources */,
				A807A94A2809591400F3796F /* SurveyResultVC.swift in Sources */,
				8C2D68BF28086B3B00DA1CA6 /* StartLottieVC.swift in Sources */,
				A8D2DD2E2807188F00F1D4EC /* SurveyVC.swift in Sources */,
				A801EA85280712E400B4FECD /* AppDelegate.swift in Sources */,
				A801EA87280712E400B4FECD /* SceneDelegate.swift in Sources */,
				A8055946280D32E700007A03 /* testVC.swift in Sources */,
				A807A948280951B900F3796F /* SurveyThreeVC.swift in Sources */,
				A807A9462809519600F3796F /* SurveyTwoVC.swift in Sources */,
				A807A9442809514100F3796F /* SurveyOneVC.swift in Sources */,
			);
			runOnlyForDeploymentPostprocessing = 0;
		};
/* End PBXSourcesBuildPhase section */

/* Begin PBXVariantGroup section */
		A801EA8A280712E400B4FECD /* Main.storyboard */ = {
			isa = PBXVariantGroup;
			children = (
				A801EA8B280712E400B4FECD /* Base */,
			);
			name = Main.storyboard;
			sourceTree = "<group>";
		};
		A801EA8F280712E500B4FECD /* LaunchScreen.storyboard */ = {
			isa = PBXVariantGroup;
			children = (
				A801EA90280712E500B4FECD /* Base */,
			);
			name = LaunchScreen.storyboard;
			sourceTree = "<group>";
		};
/* End PBXVariantGroup section */

/* Begin XCBuildConfiguration section */
		A801EA93280712E500B4FECD /* Debug */ = {
			isa = XCBuildConfiguration;
			buildSettings = {
				ALWAYS_SEARCH_USER_PATHS = NO;
				CLANG_ANALYZER_NONNULL = YES;
				CLANG_ANALYZER_NUMBER_OBJECT_CONVERSION = YES_AGGRESSIVE;
				CLANG_CXX_LANGUAGE_STANDARD = "gnu++17";
				CLANG_CXX_LIBRARY = "libc++";
				CLANG_ENABLE_MODULES = YES;
				CLANG_ENABLE_OBJC_ARC = YES;
				CLANG_ENABLE_OBJC_WEAK = YES;
				CLANG_WARN_BLOCK_CAPTURE_AUTORELEASING = YES;
				CLANG_WARN_BOOL_CONVERSION = YES;
				CLANG_WARN_COMMA = YES;
				CLANG_WARN_CONSTANT_CONVERSION = YES;
				CLANG_WARN_DEPRECATED_OBJC_IMPLEMENTATIONS = YES;
				CLANG_WARN_DIRECT_OBJC_ISA_USAGE = YES_ERROR;
				CLANG_WARN_DOCUMENTATION_COMMENTS = YES;
				CLANG_WARN_EMPTY_BODY = YES;
				CLANG_WARN_ENUM_CONVERSION = YES;
				CLANG_WARN_INFINITE_RECURSION = YES;
				CLANG_WARN_INT_CONVERSION = YES;
				CLANG_WARN_NON_LITERAL_NULL_CONVERSION = YES;
				CLANG_WARN_OBJC_IMPLICIT_RETAIN_SELF = YES;
				CLANG_WARN_OBJC_LITERAL_CONVERSION = YES;
				CLANG_WARN_OBJC_ROOT_CLASS = YES_ERROR;
				CLANG_WARN_QUOTED_INCLUDE_IN_FRAMEWORK_HEADER = YES;
				CLANG_WARN_RANGE_LOOP_ANALYSIS = YES;
				CLANG_WARN_STRICT_PROTOTYPES = YES;
				CLANG_WARN_SUSPICIOUS_MOVE = YES;
				CLANG_WARN_UNGUARDED_AVAILABILITY = YES_AGGRESSIVE;
				CLANG_WARN_UNREACHABLE_CODE = YES;
				CLANG_WARN__DUPLICATE_METHOD_MATCH = YES;
				COPY_PHASE_STRIP = NO;
				DEBUG_INFORMATION_FORMAT = dwarf;
				ENABLE_STRICT_OBJC_MSGSEND = YES;
				ENABLE_TESTABILITY = YES;
				GCC_C_LANGUAGE_STANDARD = gnu11;
				GCC_DYNAMIC_NO_PIC = NO;
				GCC_NO_COMMON_BLOCKS = YES;
				GCC_OPTIMIZATION_LEVEL = 0;
				GCC_PREPROCESSOR_DEFINITIONS = (
					"DEBUG=1",
					"$(inherited)",
				);
				GCC_WARN_64_TO_32_BIT_CONVERSION = YES;
				GCC_WARN_ABOUT_RETURN_TYPE = YES_ERROR;
				GCC_WARN_UNDECLARED_SELECTOR = YES;
				GCC_WARN_UNINITIALIZED_AUTOS = YES_AGGRESSIVE;
				GCC_WARN_UNUSED_FUNCTION = YES;
				GCC_WARN_UNUSED_VARIABLE = YES;
				IPHONEOS_DEPLOYMENT_TARGET = 15.2;
				MTL_ENABLE_DEBUG_INFO = INCLUDE_SOURCE;
				MTL_FAST_MATH = YES;
				ONLY_ACTIVE_ARCH = YES;
				SDKROOT = iphoneos;
				SWIFT_ACTIVE_COMPILATION_CONDITIONS = DEBUG;
				SWIFT_OPTIMIZATION_LEVEL = "-Onone";
			};
			name = Debug;
		};
		A801EA94280712E500B4FECD /* Release */ = {
			isa = XCBuildConfiguration;
			buildSettings = {
				ALWAYS_SEARCH_USER_PATHS = NO;
				CLANG_ANALYZER_NONNULL = YES;
				CLANG_ANALYZER_NUMBER_OBJECT_CONVERSION = YES_AGGRESSIVE;
				CLANG_CXX_LANGUAGE_STANDARD = "gnu++17";
				CLANG_CXX_LIBRARY = "libc++";
				CLANG_ENABLE_MODULES = YES;
				CLANG_ENABLE_OBJC_ARC = YES;
				CLANG_ENABLE_OBJC_WEAK = YES;
				CLANG_WARN_BLOCK_CAPTURE_AUTORELEASING = YES;
				CLANG_WARN_BOOL_CONVERSION = YES;
				CLANG_WARN_COMMA = YES;
				CLANG_WARN_CONSTANT_CONVERSION = YES;
				CLANG_WARN_DEPRECATED_OBJC_IMPLEMENTATIONS = YES;
				CLANG_WARN_DIRECT_OBJC_ISA_USAGE = YES_ERROR;
				CLANG_WARN_DOCUMENTATION_COMMENTS = YES;
				CLANG_WARN_EMPTY_BODY = YES;
				CLANG_WARN_ENUM_CONVERSION = YES;
				CLANG_WARN_INFINITE_RECURSION = YES;
				CLANG_WARN_INT_CONVERSION = YES;
				CLANG_WARN_NON_LITERAL_NULL_CONVERSION = YES;
				CLANG_WARN_OBJC_IMPLICIT_RETAIN_SELF = YES;
				CLANG_WARN_OBJC_LITERAL_CONVERSION = YES;
				CLANG_WARN_OBJC_ROOT_CLASS = YES_ERROR;
				CLANG_WARN_QUOTED_INCLUDE_IN_FRAMEWORK_HEADER = YES;
				CLANG_WARN_RANGE_LOOP_ANALYSIS = YES;
				CLANG_WARN_STRICT_PROTOTYPES = YES;
				CLANG_WARN_SUSPICIOUS_MOVE = YES;
				CLANG_WARN_UNGUARDED_AVAILABILITY = YES_AGGRESSIVE;
				CLANG_WARN_UNREACHABLE_CODE = YES;
				CLANG_WARN__DUPLICATE_METHOD_MATCH = YES;
				COPY_PHASE_STRIP = NO;
				DEBUG_INFORMATION_FORMAT = "dwarf-with-dsym";
				ENABLE_NS_ASSERTIONS = NO;
				ENABLE_STRICT_OBJC_MSGSEND = YES;
				GCC_C_LANGUAGE_STANDARD = gnu11;
				GCC_NO_COMMON_BLOCKS = YES;
				GCC_WARN_64_TO_32_BIT_CONVERSION = YES;
				GCC_WARN_ABOUT_RETURN_TYPE = YES_ERROR;
				GCC_WARN_UNDECLARED_SELECTOR = YES;
				GCC_WARN_UNINITIALIZED_AUTOS = YES_AGGRESSIVE;
				GCC_WARN_UNUSED_FUNCTION = YES;
				GCC_WARN_UNUSED_VARIABLE = YES;
				IPHONEOS_DEPLOYMENT_TARGET = 15.2;
				MTL_ENABLE_DEBUG_INFO = NO;
				MTL_FAST_MATH = YES;
				SDKROOT = iphoneos;
				SWIFT_COMPILATION_MODE = wholemodule;
				SWIFT_OPTIMIZATION_LEVEL = "-O";
				VALIDATE_PRODUCT = YES;
			};
			name = Release;
		};
		A801EA96280712E500B4FECD /* Debug */ = {
			isa = XCBuildConfiguration;
			buildSettings = {
				ASSETCATALOG_COMPILER_APPICON_NAME = AppIcon;
				ASSETCATALOG_COMPILER_GLOBAL_ACCENT_COLOR_NAME = AccentColor;
				CODE_SIGN_STYLE = Automatic;
				CURRENT_PROJECT_VERSION = 1;
				DEVELOPMENT_TEAM = Y8XK6FZ8WC;
				GENERATE_INFOPLIST_FILE = YES;
				INFOPLIST_FILE = atte22/Info.plist;
				INFOPLIST_KEY_UIApplicationSupportsIndirectInputEvents = YES;
				INFOPLIST_KEY_UILaunchStoryboardName = LaunchScreen;
				INFOPLIST_KEY_UIMainStoryboardFile = Main;
				INFOPLIST_KEY_UISupportedInterfaceOrientations_iPad = "UIInterfaceOrientationPortrait UIInterfaceOrientationPortraitUpsideDown UIInterfaceOrientationLandscapeLeft UIInterfaceOrientationLandscapeRight";
				INFOPLIST_KEY_UISupportedInterfaceOrientations_iPhone = "UIInterfaceOrientationPortrait UIInterfaceOrientationLandscapeLeft UIInterfaceOrientationLandscapeRight";
				LD_RUNPATH_SEARCH_PATHS = (
					"$(inherited)",
					"@executable_path/Frameworks",
				);
				MARKETING_VERSION = 1.0;
				PRODUCT_BUNDLE_IDENTIFIER = com.iOSKingkr.atte22;
				PRODUCT_NAME = "$(TARGET_NAME)";
				SWIFT_EMIT_LOC_STRINGS = YES;
				SWIFT_VERSION = 5.0;
				TARGETED_DEVICE_FAMILY = "1,2";
			};
			name = Debug;
		};
		A801EA97280712E500B4FECD /* Release */ = {
			isa = XCBuildConfiguration;
			buildSettings = {
				ASSETCATALOG_COMPILER_APPICON_NAME = AppIcon;
				ASSETCATALOG_COMPILER_GLOBAL_ACCENT_COLOR_NAME = AccentColor;
				CODE_SIGN_STYLE = Automatic;
				CURRENT_PROJECT_VERSION = 1;
				DEVELOPMENT_TEAM = Y8XK6FZ8WC;
				GENERATE_INFOPLIST_FILE = YES;
				INFOPLIST_FILE = atte22/Info.plist;
				INFOPLIST_KEY_UIApplicationSupportsIndirectInputEvents = YES;
				INFOPLIST_KEY_UILaunchStoryboardName = LaunchScreen;
				INFOPLIST_KEY_UIMainStoryboardFile = Main;
				INFOPLIST_KEY_UISupportedInterfaceOrientations_iPad = "UIInterfaceOrientationPortrait UIInterfaceOrientationPortraitUpsideDown UIInterfaceOrientationLandscapeLeft UIInterfaceOrientationLandscapeRight";
				INFOPLIST_KEY_UISupportedInterfaceOrientations_iPhone = "UIInterfaceOrientationPortrait UIInterfaceOrientationLandscapeLeft UIInterfaceOrientationLandscapeRight";
				LD_RUNPATH_SEARCH_PATHS = (
					"$(inherited)",
					"@executable_path/Frameworks",
				);
				MARKETING_VERSION = 1.0;
				PRODUCT_BUNDLE_IDENTIFIER = com.iOSKingkr.atte22;
				PRODUCT_NAME = "$(TARGET_NAME)";
				SWIFT_EMIT_LOC_STRINGS = YES;
				SWIFT_VERSION = 5.0;
				TARGETED_DEVICE_FAMILY = "1,2";
			};
			name = Release;
		};
/* End XCBuildConfiguration section */

/* Begin XCConfigurationList section */
		A801EA7C280712E400B4FECD /* Build configuration list for PBXProject "atte22" */ = {
			isa = XCConfigurationList;
			buildConfigurations = (
				A801EA93280712E500B4FECD /* Debug */,
				A801EA94280712E500B4FECD /* Release */,
			);
			defaultConfigurationIsVisible = 0;
			defaultConfigurationName = Release;
		};
		A801EA95280712E500B4FECD /* Build configuration list for PBXNativeTarget "atte22" */ = {
			isa = XCConfigurationList;
			buildConfigurations = (
				A801EA96280712E500B4FECD /* Debug */,
				A801EA97280712E500B4FECD /* Release */,
			);
			defaultConfigurationIsVisible = 0;
			defaultConfigurationName = Release;
		};
/* End XCConfigurationList section */

/* Begin XCRemoteSwiftPackageReference section */
		A80883B32808504D00890999 /* XCRemoteSwiftPackageReference "firebase-ios-sdk" */ = {
			isa = XCRemoteSwiftPackageReference;
			repositoryURL = "https://github.com/firebase/firebase-ios-sdk";
			requirement = {
				branch = master;
				kind = branch;
			};
		};
		A80883BA280851CD00890999 /* XCRemoteSwiftPackageReference "SnapKit" */ = {
			isa = XCRemoteSwiftPackageReference;
			repositoryURL = "https://github.com/SnapKit/SnapKit.git";
			requirement = {
				kind = upToNextMajorVersion;
				minimumVersion = 5.0.0;
			};
		};
		A80883BD2808522600890999 /* XCRemoteSwiftPackageReference "lottie-ios" */ = {
			isa = XCRemoteSwiftPackageReference;
			repositoryURL = "https://github.com/airbnb/lottie-ios";
			requirement = {
				branch = master;
				kind = branch;
			};
		};
/* End XCRemoteSwiftPackageReference section */

/* Begin XCSwiftPackageProductDependency section */
		A80883B42808504D00890999 /* FirebaseAnalytics */ = {
			isa = XCSwiftPackageProductDependency;
			package = A80883B32808504D00890999 /* XCRemoteSwiftPackageReference "firebase-ios-sdk" */;
			productName = FirebaseAnalytics;
		};
		A80883B62808504D00890999 /* FirebaseDatabase */ = {
			isa = XCSwiftPackageProductDependency;
			package = A80883B32808504D00890999 /* XCRemoteSwiftPackageReference "firebase-ios-sdk" */;
			productName = FirebaseDatabase;
		};
		A80883B82808504D00890999 /* FirebaseFirestore */ = {
			isa = XCSwiftPackageProductDependency;
			package = A80883B32808504D00890999 /* XCRemoteSwiftPackageReference "firebase-ios-sdk" */;
			productName = FirebaseFirestore;
		};
		A80883BB280851CD00890999 /* SnapKit */ = {
			isa = XCSwiftPackageProductDependency;
			package = A80883BA280851CD00890999 /* XCRemoteSwiftPackageReference "SnapKit" */;
			productName = SnapKit;
		};
		A80883BE2808522600890999 /* Lottie */ = {
			isa = XCSwiftPackageProductDependency;
			package = A80883BD2808522600890999 /* XCRemoteSwiftPackageReference "lottie-ios" */;
			productName = Lottie;
		};
/* End XCSwiftPackageProductDependency section */
	};
	rootObject = A801EA79280712E400B4FECD /* Project object */;
}
